
Microsoft Visual Studio Solution File, Format Version 12.00
# Visual Studio Version 17
VisualStudioVersion = 17.6.33717.318
MinimumVisualStudioVersion = 10.0.40219.1
Project("{9A19103F-16F7-4668-BE54-9A1E7A4F7556}") = "MathTricks_AMTIS", "MathTricks_AMTIS.csproj", "{CAF1247C-C750-4D25-951D-24B162C5CDAF}"
EndProject
Global
	GlobalSection(SolutionConfigurationPlatforms) = preSolution
		Debug|Any CPU = Debug|Any CPU
		Release|Any CPU = Release|Any CPU
	EndGlobalSection
	GlobalSection(ProjectConfigurationPlatforms) = postSolution
		{CAF1247C-C750-4D25-951D-24B162C5CDAF}.Debug|Any CPU.ActiveCfg = Debug|Any CPU
		{CAF1247C-C750-4D25-951D-24B162C5CDAF}.Debug|Any CPU.Build.0 = Debug|Any CPU
		{CAF1247C-C750-4D25-951D-24B162C5CDAF}.Release|Any CPU.ActiveCfg = Release|Any CPU
		{CAF1247C-C750-4D25-951D-24B162C5CDAF}.Release|Any CPU.Build.0 = Release|Any CPU
	EndGlobalSection
	GlobalSection(SolutionProperties) = preSolution
		HideSolutionNode = FALSE
	EndGlobalSection
	GlobalSection(ExtensibilityGlobals) = postSolution
		SolutionGuid = {066B41AD-2C8E-4865-A6DA-8D9902627C13}
	EndGlobalSection
EndGlobal
